
Microsoft Visual Studio Solution File, Format Version 12.00
# Visual Studio Version 17
VisualStudioVersion = 17.6.33723.286
MinimumVisualStudioVersion = 10.0.40219.1
Project("{9A19103F-16F7-4668-BE54-9A1E7A4F7556}") = "LomboReaderAPI", "LomboReaderAPI\LomboReaderAPI.csproj", "{2AC297EF-2638-42F7-9A18-EF816A888609}"
EndProject
Global
	GlobalSection(SolutionConfigurationPlatforms) = preSolution
		Debug|Any CPU = Debug|Any CPU
		Release|Any CPU = Release|Any CPU
	EndGlobalSection
	GlobalSection(ProjectConfigurationPlatforms) = postSolution
		{2AC297EF-2638-42F7-9A18-EF816A888609}.Debug|Any CPU.ActiveCfg = Debug|Any CPU
		{2AC297EF-2638-42F7-9A18-EF816A888609}.Debug|Any CPU.Build.0 = Debug|Any CPU
		{2AC297EF-2638-42F7-9A18-EF816A888609}.Release|Any CPU.ActiveCfg = Release|Any CPU
		{2AC297EF-2638-42F7-9A18-EF816A888609}.Release|Any CPU.Build.0 = Release|Any CPU
	EndGlobalSection
	GlobalSection(SolutionProperties) = preSolution
		HideSolutionNode = FALSE
	EndGlobalSection
	GlobalSection(ExtensibilityGlobals) = postSolution
		SolutionGuid = {18D2834A-6477-483B-83AD-9F34331FB5E1}
	EndGlobalSection
EndGlobal
